# THIS IS AN AUTOGENERATED FILE. DO NOT EDIT THIS FILE DIRECTLY.
# yarn lockfile v1


vue-html-to-paper@^1.4.4:
  version "1.4.4"
  resolved "https://registry.yarnpkg.com/vue-html-to-paper/-/vue-html-to-paper-1.4.4.tgz#98af39a81e5dc426fbf3e1575f220c76d233709d"
  integrity sha512-5Stkm0jJDsC7A/WJWroxqxiASR1+9fcgVWy7AXv30uxdxTPOr7k1Z4KUklZJm7dkHR45tExVCMSOHuxrC22TEw==
